<?xml version="1.0" encoding="utf-8"?>
<Project ToolsVersion="4.0" xmlns="http://schemas.microsoft.com/developer/msbuild/2003">
  <ItemGroup>
    <Filter Include="jni">
      <UniqueIdentifier>8328fdc1-38af-4948-8a07-eeecf05a95d3</UniqueIdentifier>
    </Filter>
    <Filter Include="res">
      <UniqueIdentifier>f18e039a-77a7-435f-8fd7-c2ae8bdc12cc</UniqueIdentifier>
    </Filter>
    <Filter Include="src">
      <UniqueIdentifier>8a9d3fde-efd1-45f0-b8ec-1e50183f7dea</UniqueIdentifier>
    </Filter>
    <Filter Include="res\values">
      <UniqueIdentifier>e9d7921c-516b-424a-aae9-2c79d1ab13a5</UniqueIdentifier>
    </Filter>
    <Filter Include="src\com">
      <UniqueIdentifier>71cb47e8-9b14-4dcd-86f5-5fd1f19d4244</UniqueIdentifier>
    </Filter>
    <Filter Include="src\com\example">
      <UniqueIdentifier>b0b9ef31-5cbc-4d06-ad78-a96708af05ca</UniqueIdentifier>
    </Filter>
    <Filter Include="src\com\example\hellojni">
      <UniqueIdentifier>6ae5a625-c182-4ce8-9c0e-d1e0fed5e534</UniqueIdentifier>
    </Filter>
  </ItemGroup>
  <ItemGroup>
    <AndroidBuild Include="AndroidManifest.xml" />
    <AndroidBuild Include="build.xml" />
    <AndroidBuild Include="project.properties" />
    <AndroidBuild Include="proguard.cfg" />
    <AndroidBuild Include="res\values\strings.xml">
      <Filter>res\values</Filter>
    </AndroidBuild>
  </ItemGroup>
  <ItemGroup>
    <JCompile Include="src\com\example\hellojni\HelloJni.java">
      <Filter>src\com\example\hellojni</Filter>
    </JCompile>
  </ItemGroup>
  <ItemGroup>
    <ClCompile Include="jni\HelloJni.c">
      <Filter>jni</Filter>
    </ClCompile>
  </ItemGroup>
</Project>