
Microsoft Visual Studio Solution File, Format Version 11.00
# Visual Studio 2010
Project("{8BC9CEB8-8B4A-11D0-8D11-00A0C91BC942}") = "dynamic_resolution", "dynamic_resolution.vcxproj", "{A8E35F0F-0F83-414A-A987-A9C9CD94167B}"
	ProjectSection(ProjectDependencies) = postProject
		{20420B48-ABBF-40BB-9A6C-E1661E29C75A} = {20420B48-ABBF-40BB-9A6C-E1661E29C75A}
		{BCC17F53-1271-497E-BB0D-D73B6406DA0E} = {BCC17F53-1271-497E-BB0D-D73B6406DA0E}
		{61C5426C-14D1-4D04-B5DD-E54F6897BCA6} = {61C5426C-14D1-4D04-B5DD-E54F6897BCA6}
		{E0BB6F80-C7DB-4E9B-AE1D-74C2C163A767} = {E0BB6F80-C7DB-4E9B-AE1D-74C2C163A767}
		{ACAF9380-4F0A-46D8-82AF-C9241EABED94} = {ACAF9380-4F0A-46D8-82AF-C9241EABED94}
		{C6DCEE89-DE82-406D-A1C4-FA2E87C450F0} = {C6DCEE89-DE82-406D-A1C4-FA2E87C450F0}
		{AE4DC68B-1E89-47E9-B1A6-A5E7083C5827} = {AE4DC68B-1E89-47E9-B1A6-A5E7083C5827}
		{6E0B6898-1550-4F5B-978E-117211E3962C} = {6E0B6898-1550-4F5B-978E-117211E3962C}
		{6FA347B3-97ED-446B-A4D3-98F140B6992A} = {6FA347B3-97ED-446B-A4D3-98F140B6992A}
		{375A73D3-8A09-4598-923F-6AF72786F27B} = {375A73D3-8A09-4598-923F-6AF72786F27B}
		{6F9AFEF5-9953-4397-B53A-C3D7517247FA} = {6F9AFEF5-9953-4397-B53A-C3D7517247FA}
	EndProjectSection
EndProject
Global
	GlobalSection(SolutionConfigurationPlatforms) = preSolution
		Debug|Android = Debug|Android
		Profile|Android = Profile|Android
		Release|Android = Release|Android
	EndGlobalSection
	GlobalSection(ProjectConfigurationPlatforms) = postSolution
		{A8E35F0F-0F83-414A-A987-A9C9CD94167B}.Debug|Android.ActiveCfg = Debug|Android
		{A8E35F0F-0F83-414A-A987-A9C9CD94167B}.Debug|Android.Build.0 = Debug|Android
		{A8E35F0F-0F83-414A-A987-A9C9CD94167B}.Profile|Android.ActiveCfg = Profile|Android
		{A8E35F0F-0F83-414A-A987-A9C9CD94167B}.Profile|Android.Build.0 = Profile|Android
		{A8E35F0F-0F83-414A-A987-A9C9CD94167B}.Release|Android.ActiveCfg = Release|Android
		{A8E35F0F-0F83-414A-A987-A9C9CD94167B}.Release|Android.Build.0 = Release|Android
	EndGlobalSection
	GlobalSection(SolutionProperties) = preSolution
		HideSolutionNode = FALSE
	EndGlobalSection
EndGlobal
